{
  "name": "5.6",
  "lockfileVersion": 3,
  "requires": true,
  "packages": {
    "": {
      "dependencies": {
        "types-registry": "^0.1.696"
      },
      "devDependencies": {
        "@types/mysql": "^2.15.26",
        "@types/node": "^22.9.3"
      }
    },
    "node_modules/@types/mysql": {
      "version": "2.15.26",
      "resolved": "https://registry.npmjs.org/@types/mysql/-/mysql-2.15.26.tgz",
      "integrity": "sha512-DSLCOXhkvfS5WNNPbfn2KdICAmk8lLc+/PNvnPnF7gOdMZCxopXduqv0OQ13y/yA/zXTSikZZqVgybUxOEg6YQ==",
      "dev": true,
      "dependencies": {
        "@types/node": "*"
      }
    },
    "node_modules/@types/node": {
      "version": "22.9.3",
      "resolved": "https://registry.npmjs.org/@types/node/-/node-22.9.3.tgz",
      "integrity": "sha512-F3u1fs/fce3FFk+DAxbxc78DF8x0cY09RRL8GnXLmkJ1jvx3TtPdWoTT5/NiYfI5ASqXBmfqJi9dZ3gxMx4lzw==",
      "dev": true,
      "dependencies": {
        "undici-types": "~6.19.8"
      }
    },
    "node_modules/types-registry": {
      "version": "0.1.696",
      "resolved": "https://registry.npmjs.org/types-registry/-/types-registry-0.1.696.tgz",
      "integrity": "sha512-q8Kz0mvJp8NtdUPxX/y1HAmKhwwnJPpicB7U47UWFtZ0z9q87DmYJYhTOhYPo2KGBmq7opcCSEHfx+ljBAbVtw=="
    },
    "node_modules/undici-types": {
      "version": "6.19.8",
      "resolved": "https://registry.npmjs.org/undici-types/-/undici-types-6.19.8.tgz",
      "integrity": "sha512-ve2KP6f/JnbPBFyobGHuerC9g1FYGn/F8n1LWTwNxCEzd6IfqTwUQcNXgEtmmQ6DlRrC1hrSrBnCZPokRrDHjw==",
      "dev": true
    }
  }
}
